
Microsoft Visual Studio Solution File, Format Version 12.00
# Visual Studio Version 17
VisualStudioVersion = 17.5.33627.172
MinimumVisualStudioVersion = 10.0.40219.1
Project("{FAE04EC0-301F-11D3-BF4B-00C04F79EFBC}") = "bulls and cows", "bulls and cows.csproj", "{A99A5A29-FC07-41F0-9086-D2B25D928011}"
EndProject
Global
	GlobalSection(SolutionConfigurationPlatforms) = preSolution
		Debug|Any CPU = Debug|Any CPU
		Release|Any CPU = Release|Any CPU
	EndGlobalSection
	GlobalSection(ProjectConfigurationPlatforms) = postSolution
		{A99A5A29-FC07-41F0-9086-D2B25D928011}.Debug|Any CPU.ActiveCfg = Debug|Any CPU
		{A99A5A29-FC07-41F0-9086-D2B25D928011}.Debug|Any CPU.Build.0 = Debug|Any CPU
		{A99A5A29-FC07-41F0-9086-D2B25D928011}.Release|Any CPU.ActiveCfg = Release|Any CPU
		{A99A5A29-FC07-41F0-9086-D2B25D928011}.Release|Any CPU.Build.0 = Release|Any CPU
	EndGlobalSection
	GlobalSection(SolutionProperties) = preSolution
		HideSolutionNode = FALSE
	EndGlobalSection
	GlobalSection(ExtensibilityGlobals) = postSolution
		SolutionGuid = {A5F4A839-AE29-4267-B808-71A33879463B}
	EndGlobalSection
EndGlobal
